
Microsoft Visual Studio Solution File, Format Version 12.00
# Visual Studio Version 16
VisualStudioVersion = 16.0.30711.63
MinimumVisualStudioVersion = 10.0.40219.1
Project("{8BC9CEB8-8B4A-11D0-8D11-00A0C91BC942}") = "ConnectingStaticLib", "ConnectingStaticLib\ConnectingStaticLib.vcxproj", "{A224C68F-31D7-4D78-921D-0A8F56D37877}"
EndProject
Project("{8BC9CEB8-8B4A-11D0-8D11-00A0C91BC942}") = "lab2lib", "lab2lib\lab2lib.vcxproj", "{FC1749BE-B1CD-4742-BD3C-92EBDA685C9F}"
EndProject
Project("{8BC9CEB8-8B4A-11D0-8D11-00A0C91BC942}") = "MR_MENU", "MR_MENU\MR_MENU.vcxproj", "{E64CD4C0-C5FD-4B4D-86A6-DAFFA0BA5FE7}"
EndProject
Global
	GlobalSection(SolutionConfigurationPlatforms) = preSolution
		Debug|x64 = Debug|x64
		Debug|x86 = Debug|x86
		Release|x64 = Release|x64
		Release|x86 = Release|x86
	EndGlobalSection
	GlobalSection(ProjectConfigurationPlatforms) = postSolution
		{A224C68F-31D7-4D78-921D-0A8F56D37877}.Debug|x64.ActiveCfg = Debug|x64
		{A224C68F-31D7-4D78-921D-0A8F56D37877}.Debug|x64.Build.0 = Debug|x64
		{A224C68F-31D7-4D78-921D-0A8F56D37877}.Debug|x86.ActiveCfg = Debug|Win32
		{A224C68F-31D7-4D78-921D-0A8F56D37877}.Debug|x86.Build.0 = Debug|Win32
		{A224C68F-31D7-4D78-921D-0A8F56D37877}.Release|x64.ActiveCfg = Release|x64
		{A224C68F-31D7-4D78-921D-0A8F56D37877}.Release|x64.Build.0 = Release|x64
		{A224C68F-31D7-4D78-921D-0A8F56D37877}.Release|x86.ActiveCfg = Release|Win32
		{A224C68F-31D7-4D78-921D-0A8F56D37877}.Release|x86.Build.0 = Release|Win32
		{FC1749BE-B1CD-4742-BD3C-92EBDA685C9F}.Debug|x64.ActiveCfg = Debug|x64
		{FC1749BE-B1CD-4742-BD3C-92EBDA685C9F}.Debug|x64.Build.0 = Debug|x64
		{FC1749BE-B1CD-4742-BD3C-92EBDA685C9F}.Debug|x86.ActiveCfg = Debug|Win32
		{FC1749BE-B1CD-4742-BD3C-92EBDA685C9F}.Debug|x86.Build.0 = Debug|Win32
		{FC1749BE-B1CD-4742-BD3C-92EBDA685C9F}.Release|x64.ActiveCfg = Release|x64
		{FC1749BE-B1CD-4742-BD3C-92EBDA685C9F}.Release|x64.Build.0 = Release|x64
		{FC1749BE-B1CD-4742-BD3C-92EBDA685C9F}.Release|x86.ActiveCfg = Release|Win32
		{FC1749BE-B1CD-4742-BD3C-92EBDA685C9F}.Release|x86.Build.0 = Release|Win32
		{E64CD4C0-C5FD-4B4D-86A6-DAFFA0BA5FE7}.Debug|x64.ActiveCfg = Debug|x64
		{E64CD4C0-C5FD-4B4D-86A6-DAFFA0BA5FE7}.Debug|x64.Build.0 = Debug|x64
		{E64CD4C0-C5FD-4B4D-86A6-DAFFA0BA5FE7}.Debug|x86.ActiveCfg = Debug|Win32
		{E64CD4C0-C5FD-4B4D-86A6-DAFFA0BA5FE7}.Debug|x86.Build.0 = Debug|Win32
		{E64CD4C0-C5FD-4B4D-86A6-DAFFA0BA5FE7}.Release|x64.ActiveCfg = Release|x64
		{E64CD4C0-C5FD-4B4D-86A6-DAFFA0BA5FE7}.Release|x64.Build.0 = Release|x64
		{E64CD4C0-C5FD-4B4D-86A6-DAFFA0BA5FE7}.Release|x86.ActiveCfg = Release|Win32
		{E64CD4C0-C5FD-4B4D-86A6-DAFFA0BA5FE7}.Release|x86.Build.0 = Release|Win32
	EndGlobalSection
	GlobalSection(SolutionProperties) = preSolution
		HideSolutionNode = FALSE
	EndGlobalSection
	GlobalSection(ExtensibilityGlobals) = postSolution
		SolutionGuid = {3978A870-1A7E-4554-B89E-F675192E0B50}
	EndGlobalSection
EndGlobal
